Microsoft Visual Studio Solution File, Format Version 12.00
# Visual Studio Version 17
VisualStudioVersion = 17.5.2.0
MinimumVisualStudioVersion = 10.0.40219.1
Project("{FAE04EC0-301F-11D3-BF4B-00C04F79EFBC}") = "SpeMcp", "SpeMcp.csproj", "{6EC33F39-BAB2-1DE2-53E5-A4F83C7F81FC}"
EndProject
Global
	GlobalSection(SolutionConfigurationPlatforms) = preSolution
		Debug|Any CPU = Debug|Any CPU
		Release|Any CPU = Release|Any CPU
	EndGlobalSection
	GlobalSection(ProjectConfigurationPlatforms) = postSolution
		{6EC33F39-BAB2-1DE2-53E5-A4F83C7F81FC}.Debug|Any CPU.ActiveCfg = Debug|Any CPU
		{6EC33F39-BAB2-1DE2-53E5-A4F83C7F81FC}.Debug|Any CPU.Build.0 = Debug|Any CPU
		{6EC33F39-BAB2-1DE2-53E5-A4F83C7F81FC}.Release|Any CPU.ActiveCfg = Release|Any CPU
		{6EC33F39-BAB2-1DE2-53E5-A4F83C7F81FC}.Release|Any CPU.Build.0 = Release|Any CPU
	EndGlobalSection
	GlobalSection(SolutionProperties) = preSolution
		HideSolutionNode = FALSE
	EndGlobalSection
	GlobalSection(ExtensibilityGlobals) = postSolution
		SolutionGuid = {277FE044-7BFF-4F7C-BE1B-FA0628575BC8}
	EndGlobalSection
EndGlobal
